
Microsoft Visual Studio Solution File, Format Version 12.00
# Visual Studio Version 16
VisualStudioVersion = 16.0.30717.126
MinimumVisualStudioVersion = 10.0.40219.1
Project("{9A19103F-16F7-4668-BE54-9A1E7A4F7556}") = "MISA_API_Demo", "MISA_API_Demo\MISA_API_Demo.csproj", "{6364F9B7-975F-47D1-8FA8-4A812D81B42E}"
EndProject
Project("{9A19103F-16F7-4668-BE54-9A1E7A4F7556}") = "MISA.DataLayer", "MISA.DataLayer\MISA.DataLayer.csproj", "{76CD122D-29FB-4115-8939-112A67D74663}"
EndProject
Project("{9A19103F-16F7-4668-BE54-9A1E7A4F7556}") = "MISA.Common", "MISA.Common\MISA.Common.csproj", "{5ADFB973-2F87-4DA8-999C-055365023B03}"
EndProject
Project("{9A19103F-16F7-4668-BE54-9A1E7A4F7556}") = "MISA.Service", "MISA.Service\MISA.Service.csproj", "{30818CEA-82FF-48E4-BB25-519A8E1DAF87}"
EndProject
Global
	GlobalSection(SolutionConfigurationPlatforms) = preSolution
		Debug|Any CPU = Debug|Any CPU
		Release|Any CPU = Release|Any CPU
	EndGlobalSection
	GlobalSection(ProjectConfigurationPlatforms) = postSolution
		{6364F9B7-975F-47D1-8FA8-4A812D81B42E}.Debug|Any CPU.ActiveCfg = Debug|Any CPU
		{6364F9B7-975F-47D1-8FA8-4A812D81B42E}.Debug|Any CPU.Build.0 = Debug|Any CPU
		{6364F9B7-975F-47D1-8FA8-4A812D81B42E}.Release|Any CPU.ActiveCfg = Release|Any CPU
		{6364F9B7-975F-47D1-8FA8-4A812D81B42E}.Release|Any CPU.Build.0 = Release|Any CPU
		{76CD122D-29FB-4115-8939-112A67D74663}.Debug|Any CPU.ActiveCfg = Debug|Any CPU
		{76CD122D-29FB-4115-8939-112A67D74663}.Debug|Any CPU.Build.0 = Debug|Any CPU
		{76CD122D-29FB-4115-8939-112A67D74663}.Release|Any CPU.ActiveCfg = Release|Any CPU
		{76CD122D-29FB-4115-8939-112A67D74663}.Release|Any CPU.Build.0 = Release|Any CPU
		{5ADFB973-2F87-4DA8-999C-055365023B03}.Debug|Any CPU.ActiveCfg = Debug|Any CPU
		{5ADFB973-2F87-4DA8-999C-055365023B03}.Debug|Any CPU.Build.0 = Debug|Any CPU
		{5ADFB973-2F87-4DA8-999C-055365023B03}.Release|Any CPU.ActiveCfg = Release|Any CPU
		{5ADFB973-2F87-4DA8-999C-055365023B03}.Release|Any CPU.Build.0 = Release|Any CPU
		{30818CEA-82FF-48E4-BB25-519A8E1DAF87}.Debug|Any CPU.ActiveCfg = Debug|Any CPU
		{30818CEA-82FF-48E4-BB25-519A8E1DAF87}.Debug|Any CPU.Build.0 = Debug|Any CPU
		{30818CEA-82FF-48E4-BB25-519A8E1DAF87}.Release|Any CPU.ActiveCfg = Release|Any CPU
		{30818CEA-82FF-48E4-BB25-519A8E1DAF87}.Release|Any CPU.Build.0 = Release|Any CPU
	EndGlobalSection
	GlobalSection(SolutionProperties) = preSolution
		HideSolutionNode = FALSE
	EndGlobalSection
	GlobalSection(ExtensibilityGlobals) = postSolution
		SolutionGuid = {22A20B67-ABEF-4EFE-A219-0CD10C86DE47}
	EndGlobalSection
EndGlobal
