
Microsoft Visual Studio Solution File, Format Version 12.00
# Visual Studio Version 16
VisualStudioVersion = 16.0.30907.101
MinimumVisualStudioVersion = 10.0.40219.1
Project("{9A19103F-16F7-4668-BE54-9A1E7A4F7556}") = "CukCuckAPI", "CukCuckAPI.csproj", "{D3D517C5-1B59-42C1-ADF4-852CF500A368}"
EndProject
Project("{9A19103F-16F7-4668-BE54-9A1E7A4F7556}") = "CukCuk.DL", "..\CukCuk.DataLayer\CukCuk.DL.csproj", "{DD185880-B3C0-44CE-BAE8-FA8EC092DE05}"
EndProject
Project("{9A19103F-16F7-4668-BE54-9A1E7A4F7556}") = "CukCuk.BL", "..\CukCuk.BL\CukCuk.BL.csproj", "{2118A67E-F6A8-4491-95A5-C18EC2FF61F4}"
EndProject
Project("{9A19103F-16F7-4668-BE54-9A1E7A4F7556}") = "CukCuk.Common", "..\CukCuk.Common\CukCuk.Common.csproj", "{7835DEB1-41A3-44B0-8C3B-A72829D9502F}"
EndProject
Global
	GlobalSection(SolutionConfigurationPlatforms) = preSolution
		Debug|Any CPU = Debug|Any CPU
		Release|Any CPU = Release|Any CPU
	EndGlobalSection
	GlobalSection(ProjectConfigurationPlatforms) = postSolution
		{D3D517C5-1B59-42C1-ADF4-852CF500A368}.Debug|Any CPU.ActiveCfg = Debug|Any CPU
		{D3D517C5-1B59-42C1-ADF4-852CF500A368}.Debug|Any CPU.Build.0 = Debug|Any CPU
		{D3D517C5-1B59-42C1-ADF4-852CF500A368}.Release|Any CPU.ActiveCfg = Release|Any CPU
		{D3D517C5-1B59-42C1-ADF4-852CF500A368}.Release|Any CPU.Build.0 = Release|Any CPU
		{DD185880-B3C0-44CE-BAE8-FA8EC092DE05}.Debug|Any CPU.ActiveCfg = Debug|Any CPU
		{DD185880-B3C0-44CE-BAE8-FA8EC092DE05}.Debug|Any CPU.Build.0 = Debug|Any CPU
		{DD185880-B3C0-44CE-BAE8-FA8EC092DE05}.Release|Any CPU.ActiveCfg = Release|Any CPU
		{DD185880-B3C0-44CE-BAE8-FA8EC092DE05}.Release|Any CPU.Build.0 = Release|Any CPU
		{2118A67E-F6A8-4491-95A5-C18EC2FF61F4}.Debug|Any CPU.ActiveCfg = Debug|Any CPU
		{2118A67E-F6A8-4491-95A5-C18EC2FF61F4}.Debug|Any CPU.Build.0 = Debug|Any CPU
		{2118A67E-F6A8-4491-95A5-C18EC2FF61F4}.Release|Any CPU.ActiveCfg = Release|Any CPU
		{2118A67E-F6A8-4491-95A5-C18EC2FF61F4}.Release|Any CPU.Build.0 = Release|Any CPU
		{7835DEB1-41A3-44B0-8C3B-A72829D9502F}.Debug|Any CPU.ActiveCfg = Debug|Any CPU
		{7835DEB1-41A3-44B0-8C3B-A72829D9502F}.Debug|Any CPU.Build.0 = Debug|Any CPU
		{7835DEB1-41A3-44B0-8C3B-A72829D9502F}.Release|Any CPU.ActiveCfg = Release|Any CPU
		{7835DEB1-41A3-44B0-8C3B-A72829D9502F}.Release|Any CPU.Build.0 = Release|Any CPU
	EndGlobalSection
	GlobalSection(SolutionProperties) = preSolution
		HideSolutionNode = FALSE
	EndGlobalSection
	GlobalSection(ExtensibilityGlobals) = postSolution
		SolutionGuid = {3C06D3F2-A1A2-4B8F-95A3-85DB81568CF0}
	EndGlobalSection
EndGlobal
