{
  "name": "Kimerce",
  "version": "1.0.0",
  "lockfileVersion": 1,
  "requires": true,
  "dependencies": {
    "@ckeditor/ckeditor5-build-classic": {
      "version": "16.0.0",
      "resolved": "https://registry.npmjs.org/@ckeditor/ckeditor5-build-classic/-/ckeditor5-build-classic-16.0.0.tgz",
      "integrity": "sha512-gBfZqWg3hmCvhq6/wX5UJp4qwl6gB+NJPpOkya2Y3jWKA0HKf3UdlhIvaHq7dRaqhi4unmqaJZVEk5VpZ1vDOg=="
    },
    "@ckeditor/ckeditor5-vue": {
      "version": "1.0.1",
      "resolved": "https://registry.npmjs.org/@ckeditor/ckeditor5-vue/-/ckeditor5-vue-1.0.1.tgz",
      "integrity": "sha512-4MaQwZ04cWwqYW0732sg2aqx9ILeHIP0LSLKUuLCLR21qYONZPvxY/V/czh1DH99toaL/iwPvEoJtO2ldriPaA=="
    },
    "ckeditor": {
      "version": "4.12.1",
      "resolved": "https://registry.npmjs.org/ckeditor/-/ckeditor-4.12.1.tgz",
      "integrity": "sha512-pH2Su4oi0D4iN/3U8nUcwI7/lXHoOJi0aiN8e2zxnm4Ow5kq8eZP2ZGmpYyuqRyKZ2tHaU8+OyYi7laXcjiq9Q=="
    },
    "de-indent": {
      "version": "1.0.2",
      "resolved": "https://registry.npmjs.org/de-indent/-/de-indent-1.0.2.tgz",
      "integrity": "sha1-sgOOhG3DO6pXlhKNCAS0VbjB4h0="
    },
    "he": {
      "version": "1.2.0",
      "resolved": "https://registry.npmjs.org/he/-/he-1.2.0.tgz",
      "integrity": "sha512-F/1DnUGPopORZi0ni+CvrCgHQ5FyEAHRLSApuYWMmrbSwoN2Mn/7k+Gl38gJnR7yyDZk6WLXwiGod1JOWNDKGw=="
    },
    "vee-validate": {
      "version": "3.2.3",
      "resolved": "https://registry.npmjs.org/vee-validate/-/vee-validate-3.2.3.tgz",
      "integrity": "sha512-OZmFQ25x0rzwH/Ockb1UZUjSNh4zzsZqMMUKjWyxv3AkIc2CB8D189iey7yXmSY9km2qMTYHn6F+Bcd3kvq82Q=="
    },
    "vue": {
      "version": "2.6.11",
      "resolved": "https://registry.npmjs.org/vue/-/vue-2.6.11.tgz",
      "integrity": "sha512-VfPwgcGABbGAue9+sfrD4PuwFar7gPb1yl1UK1MwXoQPAw0BKSqWfoYCT/ThFrdEVWoI51dBuyCoiNU9bZDZxQ=="
    },
    "vue-template-compiler": {
      "version": "2.6.11",
      "resolved": "https://registry.npmjs.org/vue-template-compiler/-/vue-template-compiler-2.6.11.tgz",
      "integrity": "sha512-KIq15bvQDrcCjpGjrAhx4mUlyyHfdmTaoNfeoATHLAiWB+MU3cx4lOzMwrnUh9cCxy0Lt1T11hAFY6TQgroUAA==",
      "requires": {
        "de-indent": "^1.0.2",
        "he": "^1.1.0"
      }
    }
  }
}
