
Microsoft Visual Studio Solution File, Format Version 12.00
# Visual Studio Version 16
VisualStudioVersion = 16.0.30717.126
MinimumVisualStudioVersion = 10.0.40219.1
Project("{9A19103F-16F7-4668-BE54-9A1E7A4F7556}") = "MisaCukCuk", "MisaCukCuk\MisaCukCuk.csproj", "{6D1F426F-17E2-47F4-BA37-06B7904ABEA3}"
EndProject
Project("{9A19103F-16F7-4668-BE54-9A1E7A4F7556}") = "MISA.Common", "Common\MISA.Common.csproj", "{017792E0-9601-4E70-B4AB-EC04CE116E7C}"
EndProject
Project("{9A19103F-16F7-4668-BE54-9A1E7A4F7556}") = "MISA.DataLayer", "DataLayer\MISA.DataLayer.csproj", "{2FA943E7-47DD-442C-86A6-E4537D54338C}"
EndProject
Project("{9A19103F-16F7-4668-BE54-9A1E7A4F7556}") = "MISA.Service", "Service\MISA.Service.csproj", "{48144E42-985A-434A-AF0B-AC93D23B48EF}"
EndProject
Global
	GlobalSection(SolutionConfigurationPlatforms) = preSolution
		Debug|Any CPU = Debug|Any CPU
		Release|Any CPU = Release|Any CPU
	EndGlobalSection
	GlobalSection(ProjectConfigurationPlatforms) = postSolution
		{6D1F426F-17E2-47F4-BA37-06B7904ABEA3}.Debug|Any CPU.ActiveCfg = Debug|Any CPU
		{6D1F426F-17E2-47F4-BA37-06B7904ABEA3}.Debug|Any CPU.Build.0 = Debug|Any CPU
		{6D1F426F-17E2-47F4-BA37-06B7904ABEA3}.Release|Any CPU.ActiveCfg = Release|Any CPU
		{6D1F426F-17E2-47F4-BA37-06B7904ABEA3}.Release|Any CPU.Build.0 = Release|Any CPU
		{017792E0-9601-4E70-B4AB-EC04CE116E7C}.Debug|Any CPU.ActiveCfg = Debug|Any CPU
		{017792E0-9601-4E70-B4AB-EC04CE116E7C}.Debug|Any CPU.Build.0 = Debug|Any CPU
		{017792E0-9601-4E70-B4AB-EC04CE116E7C}.Release|Any CPU.ActiveCfg = Release|Any CPU
		{017792E0-9601-4E70-B4AB-EC04CE116E7C}.Release|Any CPU.Build.0 = Release|Any CPU
		{2FA943E7-47DD-442C-86A6-E4537D54338C}.Debug|Any CPU.ActiveCfg = Debug|Any CPU
		{2FA943E7-47DD-442C-86A6-E4537D54338C}.Debug|Any CPU.Build.0 = Debug|Any CPU
		{2FA943E7-47DD-442C-86A6-E4537D54338C}.Release|Any CPU.ActiveCfg = Release|Any CPU
		{2FA943E7-47DD-442C-86A6-E4537D54338C}.Release|Any CPU.Build.0 = Release|Any CPU
		{48144E42-985A-434A-AF0B-AC93D23B48EF}.Debug|Any CPU.ActiveCfg = Debug|Any CPU
		{48144E42-985A-434A-AF0B-AC93D23B48EF}.Debug|Any CPU.Build.0 = Debug|Any CPU
		{48144E42-985A-434A-AF0B-AC93D23B48EF}.Release|Any CPU.ActiveCfg = Release|Any CPU
		{48144E42-985A-434A-AF0B-AC93D23B48EF}.Release|Any CPU.Build.0 = Release|Any CPU
	EndGlobalSection
	GlobalSection(SolutionProperties) = preSolution
		HideSolutionNode = FALSE
	EndGlobalSection
	GlobalSection(ExtensibilityGlobals) = postSolution
		SolutionGuid = {0D47C21B-E396-4FDD-866C-ED4FAB23CEEE}
	EndGlobalSection
EndGlobal
