
Microsoft Visual Studio Solution File, Format Version 12.00
# Visual Studio Version 16
VisualStudioVersion = 16.0.30804.86
MinimumVisualStudioVersion = 10.0.40219.1
Project("{FAE04EC0-301F-11D3-BF4B-00C04F79EFBC}") = "DotNetCoreSample", "DotNetCoreSample\DotNetCoreSample.csproj", "{C0E0FEDE-7ED7-49A7-BC67-905DD41E484F}"
EndProject
Project("{FAE04EC0-301F-11D3-BF4B-00C04F79EFBC}") = "AplicationCore", "AplicationCore\AplicationCore.csproj", "{4A5FA729-02AA-42EE-A2C6-48E2516429CB}"
EndProject
Project("{FAE04EC0-301F-11D3-BF4B-00C04F79EFBC}") = "Infrastructure", "Infrastructure\Infrastructure.csproj", "{BFABCE59-8F83-413F-9C7D-4D74C3723D10}"
EndProject
Global
	GlobalSection(SolutionConfigurationPlatforms) = preSolution
		Debug|Any CPU = Debug|Any CPU
		Release|Any CPU = Release|Any CPU
	EndGlobalSection
	GlobalSection(ProjectConfigurationPlatforms) = postSolution
		{C0E0FEDE-7ED7-49A7-BC67-905DD41E484F}.Debug|Any CPU.ActiveCfg = Debug|Any CPU
		{C0E0FEDE-7ED7-49A7-BC67-905DD41E484F}.Debug|Any CPU.Build.0 = Debug|Any CPU
		{C0E0FEDE-7ED7-49A7-BC67-905DD41E484F}.Release|Any CPU.ActiveCfg = Release|Any CPU
		{C0E0FEDE-7ED7-49A7-BC67-905DD41E484F}.Release|Any CPU.Build.0 = Release|Any CPU
		{4A5FA729-02AA-42EE-A2C6-48E2516429CB}.Debug|Any CPU.ActiveCfg = Debug|Any CPU
		{4A5FA729-02AA-42EE-A2C6-48E2516429CB}.Debug|Any CPU.Build.0 = Debug|Any CPU
		{4A5FA729-02AA-42EE-A2C6-48E2516429CB}.Release|Any CPU.ActiveCfg = Release|Any CPU
		{4A5FA729-02AA-42EE-A2C6-48E2516429CB}.Release|Any CPU.Build.0 = Release|Any CPU
		{BFABCE59-8F83-413F-9C7D-4D74C3723D10}.Debug|Any CPU.ActiveCfg = Debug|Any CPU
		{BFABCE59-8F83-413F-9C7D-4D74C3723D10}.Debug|Any CPU.Build.0 = Debug|Any CPU
		{BFABCE59-8F83-413F-9C7D-4D74C3723D10}.Release|Any CPU.ActiveCfg = Release|Any CPU
		{BFABCE59-8F83-413F-9C7D-4D74C3723D10}.Release|Any CPU.Build.0 = Release|Any CPU
	EndGlobalSection
	GlobalSection(SolutionProperties) = preSolution
		HideSolutionNode = FALSE
	EndGlobalSection
	GlobalSection(ExtensibilityGlobals) = postSolution
		SolutionGuid = {932D64E6-CE78-416A-A565-EF50C187B43B}
	EndGlobalSection
EndGlobal
