
Microsoft Visual Studio Solution File, Format Version 12.00
# Visual Studio Version 16
VisualStudioVersion = 16.0.30907.101
MinimumVisualStudioVersion = 10.0.40219.1
Project("{9A19103F-16F7-4668-BE54-9A1E7A4F7556}") = "MISA.CukCuk.Api", "MISA.CukCuk.Api\MISA.CukCuk.Api.csproj", "{EC613103-388C-4A6E-A6C8-8B6886BFAB5B}"
EndProject
Project("{FAE04EC0-301F-11D3-BF4B-00C04F79EFBC}") = "MISA.DataLayer", "MISA.DataLayer\MISA.DataLayer.csproj", "{02D58D41-8183-471F-AD7B-458C53D99F18}"
EndProject
Project("{FAE04EC0-301F-11D3-BF4B-00C04F79EFBC}") = "MISA.Service", "MISA.Service\MISA.Service.csproj", "{227F5949-A79E-43EC-9A4E-EB7BCA90F37D}"
EndProject
Project("{FAE04EC0-301F-11D3-BF4B-00C04F79EFBC}") = "MISA.Common", "MISA.Common\MISA.Common.csproj", "{0CB2CC78-EED2-4550-A8FD-6226FC6C39F0}"
EndProject
Global
	GlobalSection(SolutionConfigurationPlatforms) = preSolution
		Debug|Any CPU = Debug|Any CPU
		Release|Any CPU = Release|Any CPU
	EndGlobalSection
	GlobalSection(ProjectConfigurationPlatforms) = postSolution
		{EC613103-388C-4A6E-A6C8-8B6886BFAB5B}.Debug|Any CPU.ActiveCfg = Debug|Any CPU
		{EC613103-388C-4A6E-A6C8-8B6886BFAB5B}.Debug|Any CPU.Build.0 = Debug|Any CPU
		{EC613103-388C-4A6E-A6C8-8B6886BFAB5B}.Release|Any CPU.ActiveCfg = Release|Any CPU
		{EC613103-388C-4A6E-A6C8-8B6886BFAB5B}.Release|Any CPU.Build.0 = Release|Any CPU
		{02D58D41-8183-471F-AD7B-458C53D99F18}.Debug|Any CPU.ActiveCfg = Debug|Any CPU
		{02D58D41-8183-471F-AD7B-458C53D99F18}.Debug|Any CPU.Build.0 = Debug|Any CPU
		{02D58D41-8183-471F-AD7B-458C53D99F18}.Release|Any CPU.ActiveCfg = Release|Any CPU
		{02D58D41-8183-471F-AD7B-458C53D99F18}.Release|Any CPU.Build.0 = Release|Any CPU
		{227F5949-A79E-43EC-9A4E-EB7BCA90F37D}.Debug|Any CPU.ActiveCfg = Debug|Any CPU
		{227F5949-A79E-43EC-9A4E-EB7BCA90F37D}.Debug|Any CPU.Build.0 = Debug|Any CPU
		{227F5949-A79E-43EC-9A4E-EB7BCA90F37D}.Release|Any CPU.ActiveCfg = Release|Any CPU
		{227F5949-A79E-43EC-9A4E-EB7BCA90F37D}.Release|Any CPU.Build.0 = Release|Any CPU
		{0CB2CC78-EED2-4550-A8FD-6226FC6C39F0}.Debug|Any CPU.ActiveCfg = Debug|Any CPU
		{0CB2CC78-EED2-4550-A8FD-6226FC6C39F0}.Debug|Any CPU.Build.0 = Debug|Any CPU
		{0CB2CC78-EED2-4550-A8FD-6226FC6C39F0}.Release|Any CPU.ActiveCfg = Release|Any CPU
		{0CB2CC78-EED2-4550-A8FD-6226FC6C39F0}.Release|Any CPU.Build.0 = Release|Any CPU
	EndGlobalSection
	GlobalSection(SolutionProperties) = preSolution
		HideSolutionNode = FALSE
	EndGlobalSection
	GlobalSection(ExtensibilityGlobals) = postSolution
		SolutionGuid = {BE4CA4DA-8293-44AE-B9EE-8AF381798402}
	EndGlobalSection
EndGlobal
