
Microsoft Visual Studio Solution File, Format Version 12.00
# Visual Studio Version 16
VisualStudioVersion = 16.0.30717.126
MinimumVisualStudioVersion = 10.0.40219.1
Project("{9A19103F-16F7-4668-BE54-9A1E7A4F7556}") = "MISA.CukCuk.Api", "MISA.CukCuk.Api\MISA.CukCuk.Api.csproj", "{53A5469E-DC51-4F27-913B-E5D0C4F06D3E}"
EndProject
Project("{FAE04EC0-301F-11D3-BF4B-00C04F79EFBC}") = "MISA.DL", "MISA.DL\MISA.DL.csproj", "{801355D8-6066-4B92-807D-36C1C03F3695}"
EndProject
Project("{FAE04EC0-301F-11D3-BF4B-00C04F79EFBC}") = "MISA.Service", "MISA.Service\MISA.Service.csproj", "{C244B2FF-91A3-4180-9700-42B674B260C8}"
EndProject
Project("{FAE04EC0-301F-11D3-BF4B-00C04F79EFBC}") = "MISA.Common", "MISA.Common\MISA.Common.csproj", "{3B97464C-3088-4F5E-BF58-43BA82F32751}"
EndProject
Global
	GlobalSection(SolutionConfigurationPlatforms) = preSolution
		Debug|Any CPU = Debug|Any CPU
		Release|Any CPU = Release|Any CPU
	EndGlobalSection
	GlobalSection(ProjectConfigurationPlatforms) = postSolution
		{53A5469E-DC51-4F27-913B-E5D0C4F06D3E}.Debug|Any CPU.ActiveCfg = Debug|Any CPU
		{53A5469E-DC51-4F27-913B-E5D0C4F06D3E}.Debug|Any CPU.Build.0 = Debug|Any CPU
		{53A5469E-DC51-4F27-913B-E5D0C4F06D3E}.Release|Any CPU.ActiveCfg = Release|Any CPU
		{53A5469E-DC51-4F27-913B-E5D0C4F06D3E}.Release|Any CPU.Build.0 = Release|Any CPU
		{801355D8-6066-4B92-807D-36C1C03F3695}.Debug|Any CPU.ActiveCfg = Debug|Any CPU
		{801355D8-6066-4B92-807D-36C1C03F3695}.Debug|Any CPU.Build.0 = Debug|Any CPU
		{801355D8-6066-4B92-807D-36C1C03F3695}.Release|Any CPU.ActiveCfg = Release|Any CPU
		{801355D8-6066-4B92-807D-36C1C03F3695}.Release|Any CPU.Build.0 = Release|Any CPU
		{C244B2FF-91A3-4180-9700-42B674B260C8}.Debug|Any CPU.ActiveCfg = Debug|Any CPU
		{C244B2FF-91A3-4180-9700-42B674B260C8}.Debug|Any CPU.Build.0 = Debug|Any CPU
		{C244B2FF-91A3-4180-9700-42B674B260C8}.Release|Any CPU.ActiveCfg = Release|Any CPU
		{C244B2FF-91A3-4180-9700-42B674B260C8}.Release|Any CPU.Build.0 = Release|Any CPU
		{3B97464C-3088-4F5E-BF58-43BA82F32751}.Debug|Any CPU.ActiveCfg = Debug|Any CPU
		{3B97464C-3088-4F5E-BF58-43BA82F32751}.Debug|Any CPU.Build.0 = Debug|Any CPU
		{3B97464C-3088-4F5E-BF58-43BA82F32751}.Release|Any CPU.ActiveCfg = Release|Any CPU
		{3B97464C-3088-4F5E-BF58-43BA82F32751}.Release|Any CPU.Build.0 = Release|Any CPU
	EndGlobalSection
	GlobalSection(SolutionProperties) = preSolution
		HideSolutionNode = FALSE
	EndGlobalSection
	GlobalSection(ExtensibilityGlobals) = postSolution
		SolutionGuid = {732F1903-8773-4F40-910F-A229C9B1CAE7}
	EndGlobalSection
EndGlobal
