
Microsoft Visual Studio Solution File, Format Version 12.00
# Visual Studio Version 16
VisualStudioVersion = 16.0.30804.86
MinimumVisualStudioVersion = 10.0.40219.1
Project("{9A19103F-16F7-4668-BE54-9A1E7A4F7556}") = "MISA.CukCuk.Api", "MISA.CukCuk.Api\MISA.CukCuk.Api.csproj", "{3C414CC9-E4B1-4F40-A73E-181ED03A892D}"
EndProject
Project("{FAE04EC0-301F-11D3-BF4B-00C04F79EFBC}") = "MISA.DataLayer", "MISA.DataLayer\MISA.DataLayer.csproj", "{4F6B521F-DFFB-4D7B-A370-245C7FE9FDED}"
EndProject
Project("{FAE04EC0-301F-11D3-BF4B-00C04F79EFBC}") = "MISA.Service", "MISA.Service\MISA.Service.csproj", "{ACE88C12-E8EC-4327-8BC8-2A0D579E386C}"
EndProject
Project("{FAE04EC0-301F-11D3-BF4B-00C04F79EFBC}") = "MISA.Common", "MISA.Common\MISA.Common.csproj", "{59BA625F-AB6C-4439-8301-493C9CD3E6DE}"
EndProject
Global
	GlobalSection(SolutionConfigurationPlatforms) = preSolution
		Debug|Any CPU = Debug|Any CPU
		Release|Any CPU = Release|Any CPU
	EndGlobalSection
	GlobalSection(ProjectConfigurationPlatforms) = postSolution
		{3C414CC9-E4B1-4F40-A73E-181ED03A892D}.Debug|Any CPU.ActiveCfg = Debug|Any CPU
		{3C414CC9-E4B1-4F40-A73E-181ED03A892D}.Debug|Any CPU.Build.0 = Debug|Any CPU
		{3C414CC9-E4B1-4F40-A73E-181ED03A892D}.Release|Any CPU.ActiveCfg = Release|Any CPU
		{3C414CC9-E4B1-4F40-A73E-181ED03A892D}.Release|Any CPU.Build.0 = Release|Any CPU
		{4F6B521F-DFFB-4D7B-A370-245C7FE9FDED}.Debug|Any CPU.ActiveCfg = Debug|Any CPU
		{4F6B521F-DFFB-4D7B-A370-245C7FE9FDED}.Debug|Any CPU.Build.0 = Debug|Any CPU
		{4F6B521F-DFFB-4D7B-A370-245C7FE9FDED}.Release|Any CPU.ActiveCfg = Release|Any CPU
		{4F6B521F-DFFB-4D7B-A370-245C7FE9FDED}.Release|Any CPU.Build.0 = Release|Any CPU
		{ACE88C12-E8EC-4327-8BC8-2A0D579E386C}.Debug|Any CPU.ActiveCfg = Debug|Any CPU
		{ACE88C12-E8EC-4327-8BC8-2A0D579E386C}.Debug|Any CPU.Build.0 = Debug|Any CPU
		{ACE88C12-E8EC-4327-8BC8-2A0D579E386C}.Release|Any CPU.ActiveCfg = Release|Any CPU
		{ACE88C12-E8EC-4327-8BC8-2A0D579E386C}.Release|Any CPU.Build.0 = Release|Any CPU
		{59BA625F-AB6C-4439-8301-493C9CD3E6DE}.Debug|Any CPU.ActiveCfg = Debug|Any CPU
		{59BA625F-AB6C-4439-8301-493C9CD3E6DE}.Debug|Any CPU.Build.0 = Debug|Any CPU
		{59BA625F-AB6C-4439-8301-493C9CD3E6DE}.Release|Any CPU.ActiveCfg = Release|Any CPU
		{59BA625F-AB6C-4439-8301-493C9CD3E6DE}.Release|Any CPU.Build.0 = Release|Any CPU
	EndGlobalSection
	GlobalSection(SolutionProperties) = preSolution
		HideSolutionNode = FALSE
	EndGlobalSection
	GlobalSection(ExtensibilityGlobals) = postSolution
		SolutionGuid = {33A82694-8921-47AC-B1D8-865D6B3FDFC6}
	EndGlobalSection
EndGlobal
